// !$*UTF8*$!
{
	archiveVersion = 1;
	classes = {
	};
	objectVersion = 52;
	objects = {

/* Begin PBXBuildFile section */
		D1033F8A25A0C65300701100 /* ChatView.swift in Sources */ = {isa = PBXBuildFile; fileRef = D1033F8925A0C65300701100 /* ChatView.swift */; };
		D1033F8D25A0E0D000701100 /* SceltaMultipla.swift in Sources */ = {isa = PBXBuildFile; fileRef = D1033F8C25A0E0D000701100 /* SceltaMultipla.swift */; };
		D1033F9325A0EF5C00701100 /* Impostazioni.swift in Sources */ = {isa = PBXBuildFile; fileRef = D1033F9225A0EF5C00701100 /* Impostazioni.swift */; };
		D1033F9A25A0EFBB00701100 /* UtenteView.swift in Sources */ = {isa = PBXBuildFile; fileRef = D1033F9925A0EFBB00701100 /* UtenteView.swift */; };
		D12D31A325A47DC4001089D2 /* SDWebImageSwiftUI in Frameworks */ = {isa = PBXBuildFile; productRef = D12D31A225A47DC4001089D2 /* SDWebImageSwiftUI */; };
		D140B71D25A3C48100F03489 /* GoogleService-Info.plist in Resources */ = {isa = PBXBuildFile; fileRef = D140B71C25A3C48100F03489 /* GoogleService-Info.plist */; };
		D17E556225A11ADE008D089E /* TabButton.swift in Sources */ = {isa = PBXBuildFile; fileRef = D17E556125A11ADE008D089E /* TabButton.swift */; };
		D18E74CD25A120270001457B /* RegistrazioneView.swift in Sources */ = {isa = PBXBuildFile; fileRef = D18E74CC25A120270001457B /* RegistrazioneView.swift */; };
		D18E74D125A125D50001457B /* CampiDiTesto.swift in Sources */ = {isa = PBXBuildFile; fileRef = D18E74D025A125D50001457B /* CampiDiTesto.swift */; };
		D1E957CA25A075A200367411 /* MessaggiAppApp.swift in Sources */ = {isa = PBXBuildFile; fileRef = D1E957C925A075A200367411 /* MessaggiAppApp.swift */; };
		D1E957CC25A075A200367411 /* ContentView.swift in Sources */ = {isa = PBXBuildFile; fileRef = D1E957CB25A075A200367411 /* ContentView.swift */; };
		D1E957CE25A075A400367411 /* Assets.xcassets in Resources */ = {isa = PBXBuildFile; fileRef = D1E957CD25A075A400367411 /* Assets.xcassets */; };
		D1E957D125A075A400367411 /* Preview Assets.xcassets in Resources */ = {isa = PBXBuildFile; fileRef = D1E957D025A075A400367411 /* Preview Assets.xcassets */; };
		D1E957DB25A0762800367411 /* LoginView.swift in Sources */ = {isa = PBXBuildFile; fileRef = D1E957DA25A0762800367411 /* LoginView.swift */; };
		D1E957DF25A08A5000367411 /* Home.swift in Sources */ = {isa = PBXBuildFile; fileRef = D1E957DE25A08A5000367411 /* Home.swift */; };
		D1E957E225A08CDC00367411 /* contatti.swift in Sources */ = {isa = PBXBuildFile; fileRef = D1E957E125A08CDC00367411 /* contatti.swift */; };
		D1E957E625A0918000367411 /* Dati.swift in Sources */ = {isa = PBXBuildFile; fileRef = D1E957E525A0918000367411 /* Dati.swift */; };
		D1E957ED25A097F800367411 /* MessageView.swift in Sources */ = {isa = PBXBuildFile; fileRef = D1E957EC25A097F800367411 /* MessageView.swift */; };
		D1FF375325A26FB90030257D /* SezioneUtenteView.swift in Sources */ = {isa = PBXBuildFile; fileRef = D1FF375225A26FB90030257D /* SezioneUtenteView.swift */; };
		D1FF375625A27D130030257D /* Appunti in Resources */ = {isa = PBXBuildFile; fileRef = D1FF375525A27D130030257D /* Appunti */; };
		DBC33802787327F0318B41EF /* Pods_MessaggiApp.framework in Frameworks */ = {isa = PBXBuildFile; fileRef = 53A931054D059681BAE54BF0 /* Pods_MessaggiApp.framework */; };
/* End PBXBuildFile section */

/* Begin PBXFileReference section */
		1DE3E2D8A66A99058AEABA49 /* Pods-MessaggiApp.debug.xcconfig */ = {isa = PBXFileReference; includeInIndex = 1; lastKnownFileType = text.xcconfig; name = "Pods-MessaggiApp.debug.xcconfig"; path = "Target Support Files/Pods-MessaggiApp/Pods-MessaggiApp.debug.xcconfig"; sourceTree = "<group>"; };
		53A931054D059681BAE54BF0 /* Pods_MessaggiApp.framework */ = {isa = PBXFileReference; explicitFileType = wrapper.framework; includeInIndex = 0; path = Pods_MessaggiApp.framework; sourceTree = BUILT_PRODUCTS_DIR; };
		63BE879FC5C4D7F4ED58FD8C /* Pods-MessaggiApp.release.xcconfig */ = {isa = PBXFileReference; includeInIndex = 1; lastKnownFileType = text.xcconfig; name = "Pods-MessaggiApp.release.xcconfig"; path = "Target Support Files/Pods-MessaggiApp/Pods-MessaggiApp.release.xcconfig"; sourceTree = "<group>"; };
		D1033F8925A0C65300701100 /* ChatView.swift */ = {isa = PBXFileReference; lastKnownFileType = sourcecode.swift; path = ChatView.swift; sourceTree = "<group>"; };
		D1033F8C25A0E0D000701100 /* SceltaMultipla.swift */ = {isa = PBXFileReference; lastKnownFileType = sourcecode.swift; path = SceltaMultipla.swift; sourceTree = "<group>"; };
		D1033F9225A0EF5C00701100 /* Impostazioni.swift */ = {isa = PBXFileReference; lastKnownFileType = sourcecode.swift; path = Impostazioni.swift; sourceTree = "<group>"; };
		D1033F9925A0EFBB00701100 /* UtenteView.swift */ = {isa = PBXFileReference; lastKnownFileType = sourcecode.swift; path = UtenteView.swift; sourceTree = "<group>"; };
		D140B71C25A3C48100F03489 /* GoogleService-Info.plist */ = {isa = PBXFileReference; fileEncoding = 4; lastKnownFileType = text.plist.xml; path = "GoogleService-Info.plist"; sourceTree = "<group>"; };
		D17E556125A11ADE008D089E /* TabButton.swift */ = {isa = PBXFileReference; lastKnownFileType = sourcecode.swift; path = TabButton.swift; sourceTree = "<group>"; };
		D18E74CC25A120270001457B /* RegistrazioneView.swift */ = {isa = PBXFileReference; lastKnownFileType = sourcecode.swift; path = RegistrazioneView.swift; sourceTree = "<group>"; };
		D18E74D025A125D50001457B /* CampiDiTesto.swift */ = {isa = PBXFileReference; lastKnownFileType = sourcecode.swift; path = CampiDiTesto.swift; sourceTree = "<group>"; };
		D1E957C625A075A200367411 /* MessaggiApp.app */ = {isa = PBXFileReference; explicitFileType = wrapper.application; includeInIndex = 0; path = MessaggiApp.app; sourceTree = BUILT_PRODUCTS_DIR; };
		D1E957C925A075A200367411 /* MessaggiAppApp.swift */ = {isa = PBXFileReference; lastKnownFileType = sourcecode.swift; path = MessaggiAppApp.swift; sourceTree = "<group>"; };
		D1E957CB25A075A200367411 /* ContentView.swift */ = {isa = PBXFileReference; lastKnownFileType = sourcecode.swift; path = ContentView.swift; sourceTree = "<group>"; };
		D1E957CD25A075A400367411 /* Assets.xcassets */ = {isa = PBXFileReference; lastKnownFileType = folder.assetcatalog; path = Assets.xcassets; sourceTree = "<group>"; };
		D1E957D025A075A400367411 /* Preview Assets.xcassets */ = {isa = PBXFileReference; lastKnownFileType = folder.assetcatalog; path = "Preview Assets.xcassets"; sourceTree = "<group>"; };
		D1E957D225A075A400367411 /* Info.plist */ = {isa = PBXFileReference; lastKnownFileType = text.plist.xml; path = Info.plist; sourceTree = "<group>"; };
		D1E957DA25A0762800367411 /* LoginView.swift */ = {isa = PBXFileReference; lastKnownFileType = sourcecode.swift; path = LoginView.swift; sourceTree = "<group>"; };
		D1E957DE25A08A5000367411 /* Home.swift */ = {isa = PBXFileReference; lastKnownFileType = sourcecode.swift; path = Home.swift; sourceTree = "<group>"; };
		D1E957E125A08CDC00367411 /* contatti.swift */ = {isa = PBXFileReference; lastKnownFileType = sourcecode.swift; path = contatti.swift; sourceTree = "<group>"; };
		D1E957E525A0918000367411 /* Dati.swift */ = {isa = PBXFileReference; lastKnownFileType = sourcecode.swift; path = Dati.swift; sourceTree = "<group>"; };
		D1E957EC25A097F800367411 /* MessageView.swift */ = {isa = PBXFileReference; lastKnownFileType = sourcecode.swift; path = MessageView.swift; sourceTree = "<group>"; };
		D1FF375225A26FB90030257D /* SezioneUtenteView.swift */ = {isa = PBXFileReference; lastKnownFileType = sourcecode.swift; path = SezioneUtenteView.swift; sourceTree = "<group>"; };
		D1FF375525A27D130030257D /* Appunti */ = {isa = PBXFileReference; lastKnownFileType = text; path = Appunti; sourceTree = "<group>"; };
/* End PBXFileReference section */

/* Begin PBXFrameworksBuildPhase section */
		D1E957C325A075A200367411 /* Frameworks */ = {
			isa = PBXFrameworksBuildPhase;
			buildActionMask = 2147483647;
			files = (
				D12D31A325A47DC4001089D2 /* SDWebImageSwiftUI in Frameworks */,
				DBC33802787327F0318B41EF /* Pods_MessaggiApp.framework in Frameworks */,
			);
			runOnlyForDeploymentPostprocessing = 0;
		};
/* End PBXFrameworksBuildPhase section */

/* Begin PBXGroup section */
		D18E74CF25A125B00001457B /* Elementi Registrazione */ = {
			isa = PBXGroup;
			children = (
				D18E74CC25A120270001457B /* RegistrazioneView.swift */,
				D18E74D025A125D50001457B /* CampiDiTesto.swift */,
			);
			path = "Elementi Registrazione";
			sourceTree = "<group>";
		};
		D1DAB45D25A12CF100690E69 /* ElementiChat */ = {
			isa = PBXGroup;
			children = (
				D1033F8925A0C65300701100 /* ChatView.swift */,
				D1E957EC25A097F800367411 /* MessageView.swift */,
			);
			path = ElementiChat;
			sourceTree = "<group>";
		};
		D1DAB45E25A12D1B00690E69 /* BarraScelta */ = {
			isa = PBXGroup;
			children = (
				D1033F8C25A0E0D000701100 /* SceltaMultipla.swift */,
				D17E556125A11ADE008D089E /* TabButton.swift */,
			);
			path = BarraScelta;
			sourceTree = "<group>";
		};
		D1DAB46125A12DE200690E69 /* Login */ = {
			isa = PBXGroup;
			children = (
				D1E957DA25A0762800367411 /* LoginView.swift */,
			);
			path = Login;
			sourceTree = "<group>";
		};
		D1DAB46225A12E0400690E69 /* GestioneHome */ = {
			isa = PBXGroup;
			children = (
				D1E957DE25A08A5000367411 /* Home.swift */,
				D1E957E125A08CDC00367411 /* contatti.swift */,
			);
			path = GestioneHome;
			sourceTree = "<group>";
		};
		D1DAB46325A12E1300690E69 /* Impostazioni */ = {
			isa = PBXGroup;
			children = (
				D1033F9225A0EF5C00701100 /* Impostazioni.swift */,
			);
			path = Impostazioni;
			sourceTree = "<group>";
		};
		D1DAB46425A12E2000690E69 /* Utenti */ = {
			isa = PBXGroup;
			children = (
				D1033F9925A0EFBB00701100 /* UtenteView.swift */,
				D1FF375225A26FB90030257D /* SezioneUtenteView.swift */,
			);
			path = Utenti;
			sourceTree = "<group>";
		};
		D1E957BD25A075A100367411 = {
			isa = PBXGroup;
			children = (
				D1E957C825A075A200367411 /* MessaggiApp */,
				D1E957C725A075A200367411 /* Products */,
				EAFE0D19772F9CAE2449B6A8 /* Pods */,
				EBE36A64B4BB956584B21B72 /* Frameworks */,
			);
			sourceTree = "<group>";
		};
		D1E957C725A075A200367411 /* Products */ = {
			isa = PBXGroup;
			children = (
				D1E957C625A075A200367411 /* MessaggiApp.app */,
			);
			name = Products;
			sourceTree = "<group>";
		};
		D1E957C825A075A200367411 /* MessaggiApp */ = {
			isa = PBXGroup;
			children = (
				D1E957E425A0916900367411 /* Model */,
				D1E957D925A0761500367411 /* View */,
				D1E957C925A075A200367411 /* MessaggiAppApp.swift */,
				D1E957CB25A075A200367411 /* ContentView.swift */,
				D1E957CD25A075A400367411 /* Assets.xcassets */,
				D1E957D225A075A400367411 /* Info.plist */,
				D140B71C25A3C48100F03489 /* GoogleService-Info.plist */,
				D1E957CF25A075A400367411 /* Preview Content */,
				D1FF375525A27D130030257D /* Appunti */,
			);
			path = MessaggiApp;
			sourceTree = "<group>";
		};
		D1E957CF25A075A400367411 /* Preview Content */ = {
			isa = PBXGroup;
			children = (
				D1E957D025A075A400367411 /* Preview Assets.xcassets */,
			);
			path = "Preview Content";
			sourceTree = "<group>";
		};
		D1E957D925A0761500367411 /* View */ = {
			isa = PBXGroup;
			children = (
				D1DAB46425A12E2000690E69 /* Utenti */,
				D1DAB46325A12E1300690E69 /* Impostazioni */,
				D1DAB46225A12E0400690E69 /* GestioneHome */,
				D1DAB46125A12DE200690E69 /* Login */,
				D1DAB45E25A12D1B00690E69 /* BarraScelta */,
				D1DAB45D25A12CF100690E69 /* ElementiChat */,
				D18E74CF25A125B00001457B /* Elementi Registrazione */,
			);
			path = View;
			sourceTree = "<group>";
		};
		D1E957E425A0916900367411 /* Model */ = {
			isa = PBXGroup;
			children = (
				D1E957E525A0918000367411 /* Dati.swift */,
			);
			path = Model;
			sourceTree = "<group>";
		};
		EAFE0D19772F9CAE2449B6A8 /* Pods */ = {
			isa = PBXGroup;
			children = (
				1DE3E2D8A66A99058AEABA49 /* Pods-MessaggiApp.debug.xcconfig */,
				63BE879FC5C4D7F4ED58FD8C /* Pods-MessaggiApp.release.xcconfig */,
			);
			path = Pods;
			sourceTree = "<group>";
		};
		EBE36A64B4BB956584B21B72 /* Frameworks */ = {
			isa = PBXGroup;
			children = (
				53A931054D059681BAE54BF0 /* Pods_MessaggiApp.framework */,
			);
			name = Frameworks;
			sourceTree = "<group>";
		};
/* End PBXGroup section */

/* Begin PBXNativeTarget section */
		D1E957C525A075A200367411 /* MessaggiApp */ = {
			isa = PBXNativeTarget;
			buildConfigurationList = D1E957D525A075A400367411 /* Build configuration list for PBXNativeTarget "MessaggiApp" */;
			buildPhases = (
				B125A0A6E06E8763B4776280 /* [CP] Check Pods Manifest.lock */,
				D1E957C225A075A200367411 /* Sources */,
				D1E957C325A075A200367411 /* Frameworks */,
				D1E957C425A075A200367411 /* Resources */,
				3B90B6ECFCEDBC54D28ACDD1 /* [CP] Embed Pods Frameworks */,
			);
			buildRules = (
			);
			dependencies = (
			);
			name = MessaggiApp;
			packageProductDependencies = (
				D12D31A225A47DC4001089D2 /* SDWebImageSwiftUI */,
			);
			productName = MessaggiApp;
			productReference = D1E957C625A075A200367411 /* MessaggiApp.app */;
			productType = "com.apple.product-type.application";
		};
/* End PBXNativeTarget section */

/* Begin PBXProject section */
		D1E957BE25A075A100367411 /* Project object */ = {
			isa = PBXProject;
			attributes = {
				LastSwiftUpdateCheck = 1230;
				LastUpgradeCheck = 1230;
				TargetAttributes = {
					D1E957C525A075A200367411 = {
						CreatedOnToolsVersion = 12.3;
					};
				};
			};
			buildConfigurationList = D1E957C125A075A200367411 /* Build configuration list for PBXProject "MessaggiApp" */;
			compatibilityVersion = "Xcode 9.3";
			developmentRegion = en;
			hasScannedForEncodings = 0;
			knownRegions = (
				en,
				Base,
			);
			mainGroup = D1E957BD25A075A100367411;
			packageReferences = (
				D12D31A125A47DC4001089D2 /* XCRemoteSwiftPackageReference "SDWebImageSwiftUI" */,
			);
			productRefGroup = D1E957C725A075A200367411 /* Products */;
			projectDirPath = "";
			projectRoot = "";
			targets = (
				D1E957C525A075A200367411 /* MessaggiApp */,
			);
		};
/* End PBXProject section */

/* Begin PBXResourcesBuildPhase section */
		D1E957C425A075A200367411 /* Resources */ = {
			isa = PBXResourcesBuildPhase;
			buildActionMask = 2147483647;
			files = (
				D1FF375625A27D130030257D /* Appunti in Resources */,
				D1E957D125A075A400367411 /* Preview Assets.xcassets in Resources */,
				D140B71D25A3C48100F03489 /* GoogleService-Info.plist in Resources */,
				D1E957CE25A075A400367411 /* Assets.xcassets in Resources */,
			);
			runOnlyForDeploymentPostprocessing = 0;
		};
/* End PBXResourcesBuildPhase section */

/* Begin PBXShellScriptBuildPhase section */
		3B90B6ECFCEDBC54D28ACDD1 /* [CP] Embed Pods Frameworks */ = {
			isa = PBXShellScriptBuildPhase;
			buildActionMask = 2147483647;
			files = (
			);
			inputFileListPaths = (
				"${PODS_ROOT}/Target Support Files/Pods-MessaggiApp/Pods-MessaggiApp-frameworks-${CONFIGURATION}-input-files.xcfilelist",
			);
			name = "[CP] Embed Pods Frameworks";
			outputFileListPaths = (
				"${PODS_ROOT}/Target Support Files/Pods-MessaggiApp/Pods-MessaggiApp-frameworks-${CONFIGURATION}-output-files.xcfilelist",
			);
			runOnlyForDeploymentPostprocessing = 0;
			shellPath = /bin/sh;
			shellScript = "\"${PODS_ROOT}/Target Support Files/Pods-MessaggiApp/Pods-MessaggiApp-frameworks.sh\"\n";
			showEnvVarsInLog = 0;
		};
		B125A0A6E06E8763B4776280 /* [CP] Check Pods Manifest.lock */ = {
			isa = PBXShellScriptBuildPhase;
			buildActionMask = 2147483647;
			files = (
			);
			inputFileListPaths = (
			);
			inputPaths = (
				"${PODS_PODFILE_DIR_PATH}/Podfile.lock",
				"${PODS_ROOT}/Manifest.lock",
			);
			name = "[CP] Check Pods Manifest.lock";
			outputFileListPaths = (
			);
			outputPaths = (
				"$(DERIVED_FILE_DIR)/Pods-MessaggiApp-checkManifestLockResult.txt",
			);
			runOnlyForDeploymentPostprocessing = 0;
			shellPath = /bin/sh;
			shellScript = "diff \"${PODS_PODFILE_DIR_PATH}/Podfile.lock\" \"${PODS_ROOT}/Manifest.lock\" > /dev/null\nif [ $? != 0 ] ; then\n    # print error to STDERR\n    echo \"error: The sandbox is not in sync with the Podfile.lock. Run 'pod install' or update your CocoaPods installation.\" >&2\n    exit 1\nfi\n# This output is used by Xcode 'outputs' to avoid re-running this script phase.\necho \"SUCCESS\" > \"${SCRIPT_OUTPUT_FILE_0}\"\n";
			showEnvVarsInLog = 0;
		};
/* End PBXShellScriptBuildPhase section */

/* Begin PBXSourcesBuildPhase section */
		D1E957C225A075A200367411 /* Sources */ = {
			isa = PBXSourcesBuildPhase;
			buildActionMask = 2147483647;
			files = (
				D1E957DB25A0762800367411 /* LoginView.swift in Sources */,
				D1E957E625A0918000367411 /* Dati.swift in Sources */,
				D1033F9A25A0EFBB00701100 /* UtenteView.swift in Sources */,
				D1E957CC25A075A200367411 /* ContentView.swift in Sources */,
				D1FF375325A26FB90030257D /* SezioneUtenteView.swift in Sources */,
				D1E957E225A08CDC00367411 /* contatti.swift in Sources */,
				D18E74D125A125D50001457B /* CampiDiTesto.swift in Sources */,
				D1033F8D25A0E0D000701100 /* SceltaMultipla.swift in Sources */,
				D1033F9325A0EF5C00701100 /* Impostazioni.swift in Sources */,
				D1033F8A25A0C65300701100 /* ChatView.swift in Sources */,
				D18E74CD25A120270001457B /* RegistrazioneView.swift in Sources */,
				D1E957ED25A097F800367411 /* MessageView.swift in Sources */,
				D17E556225A11ADE008D089E /* TabButton.swift in Sources */,
				D1E957DF25A08A5000367411 /* Home.swift in Sources */,
				D1E957CA25A075A200367411 /* MessaggiAppApp.swift in Sources */,
			);
			runOnlyForDeploymentPostprocessing = 0;
		};
/* End PBXSourcesBuildPhase section */

/* Begin XCBuildConfiguration section */
		D1E957D325A075A400367411 /* Debug */ = {
			isa = XCBuildConfiguration;
			buildSettings = {
				ALWAYS_SEARCH_USER_PATHS = NO;
				CLANG_ANALYZER_NONNULL = YES;
				CLANG_ANALYZER_NUMBER_OBJECT_CONVERSION = YES_AGGRESSIVE;
				CLANG_CXX_LANGUAGE_STANDARD = "gnu++14";
				CLANG_CXX_LIBRARY = "libc++";
				CLANG_ENABLE_MODULES = YES;
				CLANG_ENABLE_OBJC_ARC = YES;
				CLANG_ENABLE_OBJC_WEAK = YES;
				CLANG_WARN_BLOCK_CAPTURE_AUTORELEASING = YES;
				CLANG_WARN_BOOL_CONVERSION = YES;
				CLANG_WARN_COMMA = YES;
				CLANG_WARN_CONSTANT_CONVERSION = YES;
				CLANG_WARN_DEPRECATED_OBJC_IMPLEMENTATIONS = YES;
				CLANG_WARN_DIRECT_OBJC_ISA_USAGE = YES_ERROR;
				CLANG_WARN_DOCUMENTATION_COMMENTS = YES;
				CLANG_WARN_EMPTY_BODY = YES;
				CLANG_WARN_ENUM_CONVERSION = YES;
				CLANG_WARN_INFINITE_RECURSION = YES;
				CLANG_WARN_INT_CONVERSION = YES;
				CLANG_WARN_NON_LITERAL_NULL_CONVERSION = YES;
				CLANG_WARN_OBJC_IMPLICIT_RETAIN_SELF = YES;
				CLANG_WARN_OBJC_LITERAL_CONVERSION = YES;
				CLANG_WARN_OBJC_ROOT_CLASS = YES_ERROR;
				CLANG_WARN_QUOTED_INCLUDE_IN_FRAMEWORK_HEADER = YES;
				CLANG_WARN_RANGE_LOOP_ANALYSIS = YES;
				CLANG_WARN_STRICT_PROTOTYPES = YES;
				CLANG_WARN_SUSPICIOUS_MOVE = YES;
				CLANG_WARN_UNGUARDED_AVAILABILITY = YES_AGGRESSIVE;
				CLANG_WARN_UNREACHABLE_CODE = YES;
				CLANG_WARN__DUPLICATE_METHOD_MATCH = YES;
				COPY_PHASE_STRIP = NO;
				DEBUG_INFORMATION_FORMAT = dwarf;
				ENABLE_STRICT_OBJC_MSGSEND = YES;
				ENABLE_TESTABILITY = YES;
				GCC_C_LANGUAGE_STANDARD = gnu11;
				GCC_DYNAMIC_NO_PIC = NO;
				GCC_NO_COMMON_BLOCKS = YES;
				GCC_OPTIMIZATION_LEVEL = 0;
				GCC_PREPROCESSOR_DEFINITIONS = (
					"DEBUG=1",
					"$(inherited)",
				);
				GCC_WARN_64_TO_32_BIT_CONVERSION = YES;
				GCC_WARN_ABOUT_RETURN_TYPE = YES_ERROR;
				GCC_WARN_UNDECLARED_SELECTOR = YES;
				GCC_WARN_UNINITIALIZED_AUTOS = YES_AGGRESSIVE;
				GCC_WARN_UNUSED_FUNCTION = YES;
				GCC_WARN_UNUSED_VARIABLE = YES;
				IPHONEOS_DEPLOYMENT_TARGET = 14.3;
				MTL_ENABLE_DEBUG_INFO = INCLUDE_SOURCE;
				MTL_FAST_MATH = YES;
				ONLY_ACTIVE_ARCH = YES;
				SDKROOT = iphoneos;
				SWIFT_ACTIVE_COMPILATION_CONDITIONS = DEBUG;
				SWIFT_OPTIMIZATION_LEVEL = "-Onone";
			};
			name = Debug;
		};
		D1E957D425A075A400367411 /* Release */ = {
			isa = XCBuildConfiguration;
			buildSettings = {
				ALWAYS_SEARCH_USER_PATHS = NO;
				CLANG_ANALYZER_NONNULL = YES;
				CLANG_ANALYZER_NUMBER_OBJECT_CONVERSION = YES_AGGRESSIVE;
				CLANG_CXX_LANGUAGE_STANDARD = "gnu++14";
				CLANG_CXX_LIBRARY = "libc++";
				CLANG_ENABLE_MODULES = YES;
				CLANG_ENABLE_OBJC_ARC = YES;
				CLANG_ENABLE_OBJC_WEAK = YES;
				CLANG_WARN_BLOCK_CAPTURE_AUTORELEASING = YES;
				CLANG_WARN_BOOL_CONVERSION = YES;
				CLANG_WARN_COMMA = YES;
				CLANG_WARN_CONSTANT_CONVERSION = YES;
				CLANG_WARN_DEPRECATED_OBJC_IMPLEMENTATIONS = YES;
				CLANG_WARN_DIRECT_OBJC_ISA_USAGE = YES_ERROR;
				CLANG_WARN_DOCUMENTATION_COMMENTS = YES;
				CLANG_WARN_EMPTY_BODY = YES;
				CLANG_WARN_ENUM_CONVERSION = YES;
				CLANG_WARN_INFINITE_RECURSION = YES;
				CLANG_WARN_INT_CONVERSION = YES;
				CLANG_WARN_NON_LITERAL_NULL_CONVERSION = YES;
				CLANG_WARN_OBJC_IMPLICIT_RETAIN_SELF = YES;
				CLANG_WARN_OBJC_LITERAL_CONVERSION = YES;
				CLANG_WARN_OBJC_ROOT_CLASS = YES_ERROR;
				CLANG_WARN_QUOTED_INCLUDE_IN_FRAMEWORK_HEADER = YES;
				CLANG_WARN_RANGE_LOOP_ANALYSIS = YES;
				CLANG_WARN_STRICT_PROTOTYPES = YES;
				CLANG_WARN_SUSPICIOUS_MOVE = YES;
				CLANG_WARN_UNGUARDED_AVAILABILITY = YES_AGGRESSIVE;
				CLANG_WARN_UNREACHABLE_CODE = YES;
				CLANG_WARN__DUPLICATE_METHOD_MATCH = YES;
				COPY_PHASE_STRIP = NO;
				DEBUG_INFORMATION_FORMAT = "dwarf-with-dsym";
				ENABLE_NS_ASSERTIONS = NO;
				ENABLE_STRICT_OBJC_MSGSEND = YES;
				GCC_C_LANGUAGE_STANDARD = gnu11;
				GCC_NO_COMMON_BLOCKS = YES;
				GCC_WARN_64_TO_32_BIT_CONVERSION = YES;
				GCC_WARN_ABOUT_RETURN_TYPE = YES_ERROR;
				GCC_WARN_UNDECLARED_SELECTOR = YES;
				GCC_WARN_UNINITIALIZED_AUTOS = YES_AGGRESSIVE;
				GCC_WARN_UNUSED_FUNCTION = YES;
				GCC_WARN_UNUSED_VARIABLE = YES;
				IPHONEOS_DEPLOYMENT_TARGET = 14.3;
				MTL_ENABLE_DEBUG_INFO = NO;
				MTL_FAST_MATH = YES;
				SDKROOT = iphoneos;
				SWIFT_COMPILATION_MODE = wholemodule;
				SWIFT_OPTIMIZATION_LEVEL = "-O";
				VALIDATE_PRODUCT = YES;
			};
			name = Release;
		};
		D1E957D625A075A400367411 /* Debug */ = {
			isa = XCBuildConfiguration;
			baseConfigurationReference = 1DE3E2D8A66A99058AEABA49 /* Pods-MessaggiApp.debug.xcconfig */;
			buildSettings = {
				ASSETCATALOG_COMPILER_APPICON_NAME = AppIcon;
				ASSETCATALOG_COMPILER_GLOBAL_ACCENT_COLOR_NAME = AccentColor;
				CODE_SIGN_STYLE = Automatic;
				DEVELOPMENT_ASSET_PATHS = "\"MessaggiApp/Preview Content\"";
				ENABLE_PREVIEWS = YES;
				INFOPLIST_FILE = MessaggiApp/Info.plist;
				IPHONEOS_DEPLOYMENT_TARGET = 14.0;
				LD_RUNPATH_SEARCH_PATHS = (
					"$(inherited)",
					"@executable_path/Frameworks",
				);
				PRODUCT_BUNDLE_IDENTIFIER = MicheleManniello.MessaggiApp;
				PRODUCT_NAME = "$(TARGET_NAME)";
				SWIFT_VERSION = 5.0;
				TARGETED_DEVICE_FAMILY = "1,2";
			};
			name = Debug;
		};
		D1E957D725A075A400367411 /* Release */ = {
			isa = XCBuildConfiguration;
			baseConfigurationReference = 63BE879FC5C4D7F4ED58FD8C /* Pods-MessaggiApp.release.xcconfig */;
			buildSettings = {
				ASSETCATALOG_COMPILER_APPICON_NAME = AppIcon;
				ASSETCATALOG_COMPILER_GLOBAL_ACCENT_COLOR_NAME = AccentColor;
				CODE_SIGN_STYLE = Automatic;
				DEVELOPMENT_ASSET_PATHS = "\"MessaggiApp/Preview Content\"";
				ENABLE_PREVIEWS = YES;
				INFOPLIST_FILE = MessaggiApp/Info.plist;
				IPHONEOS_DEPLOYMENT_TARGET = 14.0;
				LD_RUNPATH_SEARCH_PATHS = (
					"$(inherited)",
					"@executable_path/Frameworks",
				);
				PRODUCT_BUNDLE_IDENTIFIER = MicheleManniello.MessaggiApp;
				PRODUCT_NAME = "$(TARGET_NAME)";
				SWIFT_VERSION = 5.0;
				TARGETED_DEVICE_FAMILY = "1,2";
			};
			name = Release;
		};
/* End XCBuildConfiguration section */

/* Begin XCConfigurationList section */
		D1E957C125A075A200367411 /* Build configuration list for PBXProject "MessaggiApp" */ = {
			isa = XCConfigurationList;
			buildConfigurations = (
				D1E957D325A075A400367411 /* Debug */,
				D1E957D425A075A400367411 /* Release */,
			);
			defaultConfigurationIsVisible = 0;
			defaultConfigurationName = Release;
		};
		D1E957D525A075A400367411 /* Build configuration list for PBXNativeTarget "MessaggiApp" */ = {
			isa = XCConfigurationList;
			buildConfigurations = (
				D1E957D625A075A400367411 /* Debug */,
				D1E957D725A075A400367411 /* Release */,
			);
			defaultConfigurationIsVisible = 0;
			defaultConfigurationName = Release;
		};
/* End XCConfigurationList section */

/* Begin XCRemoteSwiftPackageReference section */
		D12D31A125A47DC4001089D2 /* XCRemoteSwiftPackageReference "SDWebImageSwiftUI" */ = {
			isa = XCRemoteSwiftPackageReference;
			repositoryURL = "https://github.com/SDWebImage/SDWebImageSwiftUI.git";
			requirement = {
				kind = upToNextMajorVersion;
				minimumVersion = 1.5.0;
			};
		};
/* End XCRemoteSwiftPackageReference section */

/* Begin XCSwiftPackageProductDependency section */
		D12D31A225A47DC4001089D2 /* SDWebImageSwiftUI */ = {
			isa = XCSwiftPackageProductDependency;
			package = D12D31A125A47DC4001089D2 /* XCRemoteSwiftPackageReference "SDWebImageSwiftUI" */;
			productName = SDWebImageSwiftUI;
		};
/* End XCSwiftPackageProductDependency section */
	};
	rootObject = D1E957BE25A075A100367411 /* Project object */;
}
